// !$*UTF8*$!
{
	archiveVersion = 1;
	classes = {
	};
	objectVersion = 48;
	objects = {

/* Begin PBXBuildFile section */
		8921E16F1FFE051B00752987 /* API.swift in Sources */ = {isa = PBXBuildFile; fileRef = 8921E16E1FFE051B00752987 /* API.swift */; };
		8921E1721FFE186900752987 /* Model.xcdatamodeld in Sources */ = {isa = PBXBuildFile; fileRef = 8921E1701FFE186900752987 /* Model.xcdatamodeld */; };
		8921E1741FFEB39E00752987 /* HeroController.swift in Sources */ = {isa = PBXBuildFile; fileRef = 8921E1731FFEB39E00752987 /* HeroController.swift */; };
		89586A2D1FFCC19A00313FEA /* AppDelegate.swift in Sources */ = {isa = PBXBuildFile; fileRef = 89586A2C1FFCC19A00313FEA /* AppDelegate.swift */; };
		89586A2F1FFCC19A00313FEA /* CardViewController.swift in Sources */ = {isa = PBXBuildFile; fileRef = 89586A2E1FFCC19A00313FEA /* CardViewController.swift */; };
		89586A321FFCC19A00313FEA /* Main.storyboard in Resources */ = {isa = PBXBuildFile; fileRef = 89586A301FFCC19A00313FEA /* Main.storyboard */; };
		89586A341FFCC19A00313FEA /* Assets.xcassets in Resources */ = {isa = PBXBuildFile; fileRef = 89586A331FFCC19A00313FEA /* Assets.xcassets */; };
		89586A371FFCC19A00313FEA /* LaunchScreen.storyboard in Resources */ = {isa = PBXBuildFile; fileRef = 89586A351FFCC19A00313FEA /* LaunchScreen.storyboard */; };
		89586A3F1FFCCEA200313FEA /* Model.swift in Sources */ = {isa = PBXBuildFile; fileRef = 89586A3E1FFCCEA200313FEA /* Model.swift */; };
		89586A411FFCD05A00313FEA /* CardViewCell.swift in Sources */ = {isa = PBXBuildFile; fileRef = 89586A401FFCD05A00313FEA /* CardViewCell.swift */; };
/* End PBXBuildFile section */

/* Begin PBXFileReference section */
		8921E16E1FFE051B00752987 /* API.swift */ = {isa = PBXFileReference; lastKnownFileType = sourcecode.swift; path = API.swift; sourceTree = "<group>"; };
		8921E1711FFE186900752987 /* Model.xcdatamodel */ = {isa = PBXFileReference; lastKnownFileType = wrapper.xcdatamodel; path = Model.xcdatamodel; sourceTree = "<group>"; };
		8921E1731FFEB39E00752987 /* HeroController.swift */ = {isa = PBXFileReference; lastKnownFileType = sourcecode.swift; path = HeroController.swift; sourceTree = "<group>"; };
		89586A291FFCC19900313FEA /* Marvel Universe Characters.app */ = {isa = PBXFileReference; explicitFileType = wrapper.application; includeInIndex = 0; path = "Marvel Universe Characters.app"; sourceTree = BUILT_PRODUCTS_DIR; };
		89586A2C1FFCC19A00313FEA /* AppDelegate.swift */ = {isa = PBXFileReference; lastKnownFileType = sourcecode.swift; path = AppDelegate.swift; sourceTree = "<group>"; };
		89586A2E1FFCC19A00313FEA /* CardViewController.swift */ = {isa = PBXFileReference; lastKnownFileType = sourcecode.swift; path = CardViewController.swift; sourceTree = "<group>"; };
		89586A311FFCC19A00313FEA /* Base */ = {isa = PBXFileReference; lastKnownFileType = file.storyboard; name = Base; path = Base.lproj/Main.storyboard; sourceTree = "<group>"; };
		89586A331FFCC19A00313FEA /* Assets.xcassets */ = {isa = PBXFileReference; lastKnownFileType = folder.assetcatalog; path = Assets.xcassets; sourceTree = "<group>"; };
		89586A361FFCC19A00313FEA /* Base */ = {isa = PBXFileReference; lastKnownFileType = file.storyboard; name = Base; path = Base.lproj/LaunchScreen.storyboard; sourceTree = "<group>"; };
		89586A381FFCC19A00313FEA /* Info.plist */ = {isa = PBXFileReference; lastKnownFileType = text.plist.xml; path = Info.plist; sourceTree = "<group>"; };
		89586A3E1FFCCEA200313FEA /* Model.swift */ = {isa = PBXFileReference; lastKnownFileType = sourcecode.swift; path = Model.swift; sourceTree = "<group>"; };
		89586A401FFCD05A00313FEA /* CardViewCell.swift */ = {isa = PBXFileReference; lastKnownFileType = sourcecode.swift; path = CardViewCell.swift; sourceTree = "<group>"; };
/* End PBXFileReference section */

/* Begin PBXFrameworksBuildPhase section */
		89586A261FFCC19900313FEA /* Frameworks */ = {
			isa = PBXFrameworksBuildPhase;
			buildActionMask = 2147483647;
			files = (
			);
			runOnlyForDeploymentPostprocessing = 0;
		};
/* End PBXFrameworksBuildPhase section */

/* Begin PBXGroup section */
		89586A201FFCC19900313FEA = {
			isa = PBXGroup;
			children = (
				89586A2B1FFCC19900313FEA /* Marvel Universe Characters */,
				89586A2A1FFCC19900313FEA /* Products */,
			);
			sourceTree = "<group>";
		};
		89586A2A1FFCC19900313FEA /* Products */ = {
			isa = PBXGroup;
			children = (
				89586A291FFCC19900313FEA /* Marvel Universe Characters.app */,
			);
			name = Products;
			sourceTree = "<group>";
		};
		89586A2B1FFCC19900313FEA /* Marvel Universe Characters */ = {
			isa = PBXGroup;
			children = (
				89586A2C1FFCC19A00313FEA /* AppDelegate.swift */,
				89586A3E1FFCCEA200313FEA /* Model.swift */,
				8921E1701FFE186900752987 /* Model.xcdatamodeld */,
				8921E16E1FFE051B00752987 /* API.swift */,
				89586A2E1FFCC19A00313FEA /* CardViewController.swift */,
				89586A401FFCD05A00313FEA /* CardViewCell.swift */,
				8921E1731FFEB39E00752987 /* HeroController.swift */,
				89586A301FFCC19A00313FEA /* Main.storyboard */,
				89586A331FFCC19A00313FEA /* Assets.xcassets */,
				89586A351FFCC19A00313FEA /* LaunchScreen.storyboard */,
				89586A381FFCC19A00313FEA /* Info.plist */,
			);
			path = "Marvel Universe Characters";
			sourceTree = "<group>";
		};
/* End PBXGroup section */

/* Begin PBXNativeTarget section */
		89586A281FFCC19900313FEA /* Marvel Universe Characters */ = {
			isa = PBXNativeTarget;
			buildConfigurationList = 89586A3B1FFCC19A00313FEA /* Build configuration list for PBXNativeTarget "Marvel Universe Characters" */;
			buildPhases = (
				89586A251FFCC19900313FEA /* Sources */,
				89586A261FFCC19900313FEA /* Frameworks */,
				89586A271FFCC19900313FEA /* Resources */,
			);
			buildRules = (
			);
			dependencies = (
			);
			name = "Marvel Universe Characters";
			productName = "Marvel Universe Characters";
			productReference = 89586A291FFCC19900313FEA /* Marvel Universe Characters.app */;
			productType = "com.apple.product-type.application";
		};
/* End PBXNativeTarget section */

/* Begin PBXProject section */
		89586A211FFCC19900313FEA /* Project object */ = {
			isa = PBXProject;
			attributes = {
				LastSwiftUpdateCheck = 0920;
				LastUpgradeCheck = 0920;
				ORGANIZATIONNAME = Alphonso;
				TargetAttributes = {
					89586A281FFCC19900313FEA = {
						CreatedOnToolsVersion = 9.2;
						ProvisioningStyle = Automatic;
					};
				};
			};
			buildConfigurationList = 89586A241FFCC19900313FEA /* Build configuration list for PBXProject "Marvel Universe Characters" */;
			compatibilityVersion = "Xcode 8.0";
			developmentRegion = en;
			hasScannedForEncodings = 0;
			knownRegions = (
				en,
				Base,
			);
			mainGroup = 89586A201FFCC19900313FEA;
			productRefGroup = 89586A2A1FFCC19900313FEA /* Products */;
			projectDirPath = "";
			projectRoot = "";
			targets = (
				89586A281FFCC19900313FEA /* Marvel Universe Characters */,
			);
		};
/* End PBXProject section */

/* Begin PBXResourcesBuildPhase section */
		89586A271FFCC19900313FEA /* Resources */ = {
			isa = PBXResourcesBuildPhase;
			buildActionMask = 2147483647;
			files = (
				89586A371FFCC19A00313FEA /* LaunchScreen.storyboard in Resources */,
				89586A341FFCC19A00313FEA /* Assets.xcassets in Resources */,
				89586A321FFCC19A00313FEA /* Main.storyboard in Resources */,
			);
			runOnlyForDeploymentPostprocessing = 0;
		};
/* End PBXResourcesBuildPhase section */

/* Begin PBXSourcesBuildPhase section */
		89586A251FFCC19900313FEA /* Sources */ = {
			isa = PBXSourcesBuildPhase;
			buildActionMask = 2147483647;
			files = (
				89586A3F1FFCCEA200313FEA /* Model.swift in Sources */,
				89586A2F1FFCC19A00313FEA /* CardViewController.swift in Sources */,
				8921E1741FFEB39E00752987 /* HeroController.swift in Sources */,
				89586A411FFCD05A00313FEA /* CardViewCell.swift in Sources */,
				89586A2D1FFCC19A00313FEA /* AppDelegate.swift in Sources */,
				8921E16F1FFE051B00752987 /* API.swift in Sources */,
				8921E1721FFE186900752987 /* Model.xcdatamodeld in Sources */,
			);
			runOnlyForDeploymentPostprocessing = 0;
		};
/* End PBXSourcesBuildPhase section */

/* Begin PBXVariantGroup section */
		89586A301FFCC19A00313FEA /* Main.storyboard */ = {
			isa = PBXVariantGroup;
			children = (
				89586A311FFCC19A00313FEA /* Base */,
			);
			name = Main.storyboard;
			sourceTree = "<group>";
		};
		89586A351FFCC19A00313FEA /* LaunchScreen.storyboard */ = {
			isa = PBXVariantGroup;
			children = (
				89586A361FFCC19A00313FEA /* Base */,
			);
			name = LaunchScreen.storyboard;
			sourceTree = "<group>";
		};
/* End PBXVariantGroup section */

/* Begin XCBuildConfiguration section */
		89586A391FFCC19A00313FEA /* Debug */ = {
			isa = XCBuildConfiguration;
			buildSettings = {
				ALWAYS_SEARCH_USER_PATHS = NO;
				CLANG_ANALYZER_NONNULL = YES;
				CLANG_ANALYZER_NUMBER_OBJECT_CONVERSION = YES_AGGRESSIVE;
				CLANG_CXX_LANGUAGE_STANDARD = "gnu++14";
				CLANG_CXX_LIBRARY = "libc++";
				CLANG_ENABLE_MODULES = YES;
				CLANG_ENABLE_OBJC_ARC = YES;
				CLANG_WARN_BLOCK_CAPTURE_AUTORELEASING = YES;
				CLANG_WARN_BOOL_CONVERSION = YES;
				CLANG_WARN_COMMA = YES;
				CLANG_WARN_CONSTANT_CONVERSION = YES;
				CLANG_WARN_DIRECT_OBJC_ISA_USAGE = YES_ERROR;
				CLANG_WARN_DOCUMENTATION_COMMENTS = YES;
				CLANG_WARN_EMPTY_BODY = YES;
				CLANG_WARN_ENUM_CONVERSION = YES;
				CLANG_WARN_INFINITE_RECURSION = YES;
				CLANG_WARN_INT_CONVERSION = YES;
				CLANG_WARN_NON_LITERAL_NULL_CONVERSION = YES;
				CLANG_WARN_OBJC_LITERAL_CONVERSION = YES;
				CLANG_WARN_OBJC_ROOT_CLASS = YES_ERROR;
				CLANG_WARN_RANGE_LOOP_ANALYSIS = YES;
				CLANG_WARN_STRICT_PROTOTYPES = YES;
				CLANG_WARN_SUSPICIOUS_MOVE = YES;
				CLANG_WARN_UNGUARDED_AVAILABILITY = YES_AGGRESSIVE;
				CLANG_WARN_UNREACHABLE_CODE = YES;
				CLANG_WARN__DUPLICATE_METHOD_MATCH = YES;
				CODE_SIGN_IDENTITY = "iPhone Developer";
				COPY_PHASE_STRIP = NO;
				DEBUG_INFORMATION_FORMAT = dwarf;
				ENABLE_STRICT_OBJC_MSGSEND = YES;
				ENABLE_TESTABILITY = YES;
				GCC_C_LANGUAGE_STANDARD = gnu11;
				GCC_DYNAMIC_NO_PIC = NO;
				GCC_NO_COMMON_BLOCKS = YES;
				GCC_OPTIMIZATION_LEVEL = 0;
				GCC_PREPROCESSOR_DEFINITIONS = (
					"DEBUG=1",
					"$(inherited)",
				);
				GCC_WARN_64_TO_32_BIT_CONVERSION = YES;
				GCC_WARN_ABOUT_RETURN_TYPE = YES_ERROR;
				GCC_WARN_UNDECLARED_SELECTOR = YES;
				GCC_WARN_UNINITIALIZED_AUTOS = YES_AGGRESSIVE;
				GCC_WARN_UNUSED_FUNCTION = YES;
				GCC_WARN_UNUSED_VARIABLE = YES;
				IPHONEOS_DEPLOYMENT_TARGET = 11.2;
				MTL_ENABLE_DEBUG_INFO = YES;
				ONLY_ACTIVE_ARCH = YES;
				SDKROOT = iphoneos;
				SWIFT_ACTIVE_COMPILATION_CONDITIONS = DEBUG;
				SWIFT_OPTIMIZATION_LEVEL = "-Onone";
			};
			name = Debug;
		};
		89586A3A1FFCC19A00313FEA /* Release */ = {
			isa = XCBuildConfiguration;
			buildSettings = {
				ALWAYS_SEARCH_USER_PATHS = NO;
				CLANG_ANALYZER_NONNULL = YES;
				CLANG_ANALYZER_NUMBER_OBJECT_CONVERSION = YES_AGGRESSIVE;
				CLANG_CXX_LANGUAGE_STANDARD = "gnu++14";
				CLANG_CXX_LIBRARY = "libc++";
				CLANG_ENABLE_MODULES = YES;
				CLANG_ENABLE_OBJC_ARC = YES;
				CLANG_WARN_BLOCK_CAPTURE_AUTORELEASING = YES;
				CLANG_WARN_BOOL_CONVERSION = YES;
				CLANG_WARN_COMMA = YES;
				CLANG_WARN_CONSTANT_CONVERSION = YES;
				CLANG_WARN_DIRECT_OBJC_ISA_USAGE = YES_ERROR;
				CLANG_WARN_DOCUMENTATION_COMMENTS = YES;
				CLANG_WARN_EMPTY_BODY = YES;
				CLANG_WARN_ENUM_CONVERSION = YES;
				CLANG_WARN_INFINITE_RECURSION = YES;
				CLANG_WARN_INT_CONVERSION = YES;
				CLANG_WARN_NON_LITERAL_NULL_CONVERSION = YES;
				CLANG_WARN_OBJC_LITERAL_CONVERSION = YES;
				CLANG_WARN_OBJC_ROOT_CLASS = YES_ERROR;
				CLANG_WARN_RANGE_LOOP_ANALYSIS = YES;
				CLANG_WARN_STRICT_PROTOTYPES = YES;
				CLANG_WARN_SUSPICIOUS_MOVE = YES;
				CLANG_WARN_UNGUARDED_AVAILABILITY = YES_AGGRESSIVE;
				CLANG_WARN_UNREACHABLE_CODE = YES;
				CLANG_WARN__DUPLICATE_METHOD_MATCH = YES;
				CODE_SIGN_IDENTITY = "iPhone Developer";
				COPY_PHASE_STRIP = NO;
				DEBUG_INFORMATION_FORMAT = "dwarf-with-dsym";
				ENABLE_NS_ASSERTIONS = NO;
				ENABLE_STRICT_OBJC_MSGSEND = YES;
				GCC_C_LANGUAGE_STANDARD = gnu11;
				GCC_NO_COMMON_BLOCKS = YES;
				GCC_WARN_64_TO_32_BIT_CONVERSION = YES;
				GCC_WARN_ABOUT_RETURN_TYPE = YES_ERROR;
				GCC_WARN_UNDECLARED_SELECTOR = YES;
				GCC_WARN_UNINITIALIZED_AUTOS = YES_AGGRESSIVE;
				GCC_WARN_UNUSED_FUNCTION = YES;
				GCC_WARN_UNUSED_VARIABLE = YES;
				IPHONEOS_DEPLOYMENT_TARGET = 11.2;
				MTL_ENABLE_DEBUG_INFO = NO;
				SDKROOT = iphoneos;
				SWIFT_OPTIMIZATION_LEVEL = "-Owholemodule";
				VALIDATE_PRODUCT = YES;
			};
			name = Release;
		};
		89586A3C1FFCC19A00313FEA /* Debug */ = {
			isa = XCBuildConfiguration;
			buildSettings = {
				ASSETCATALOG_COMPILER_APPICON_NAME = AppIcon;
				CODE_SIGN_STYLE = Automatic;
				DEVELOPMENT_TEAM = 6257XTCRBF;
				INFOPLIST_FILE = "Marvel Universe Characters/Info.plist";
				LD_RUNPATH_SEARCH_PATHS = "$(inherited) @executable_path/Frameworks";
				PRODUCT_BUNDLE_IDENTIFIER = "com.Alphonso-Sensley-II.Marvel-Universe-Characters";
				PRODUCT_NAME = "$(TARGET_NAME)";
				SWIFT_VERSION = 4.0;
				TARGETED_DEVICE_FAMILY = "1,2";
			};
			name = Debug;
		};
		89586A3D1FFCC19A00313FEA /* Release */ = {
			isa = XCBuildConfiguration;
			buildSettings = {
				ASSETCATALOG_COMPILER_APPICON_NAME = AppIcon;
				CODE_SIGN_STYLE = Automatic;
				DEVELOPMENT_TEAM = 6257XTCRBF;
				INFOPLIST_FILE = "Marvel Universe Characters/Info.plist";
				LD_RUNPATH_SEARCH_PATHS = "$(inherited) @executable_path/Frameworks";
				PRODUCT_BUNDLE_IDENTIFIER = "com.Alphonso-Sensley-II.Marvel-Universe-Characters";
				PRODUCT_NAME = "$(TARGET_NAME)";
				SWIFT_VERSION = 4.0;
				TARGETED_DEVICE_FAMILY = "1,2";
			};
			name = Release;
		};
/* End XCBuildConfiguration section */

/* Begin XCConfigurationList section */
		89586A241FFCC19900313FEA /* Build configuration list for PBXProject "Marvel Universe Characters" */ = {
			isa = XCConfigurationList;
			buildConfigurations = (
				89586A391FFCC19A00313FEA /* Debug */,
				89586A3A1FFCC19A00313FEA /* Release */,
			);
			defaultConfigurationIsVisible = 0;
			defaultConfigurationName = Release;
		};
		89586A3B1FFCC19A00313FEA /* Build configuration list for PBXNativeTarget "Marvel Universe Characters" */ = {
			isa = XCConfigurationList;
			buildConfigurations = (
				89586A3C1FFCC19A00313FEA /* Debug */,
				89586A3D1FFCC19A00313FEA /* Release */,
			);
			defaultConfigurationIsVisible = 0;
			defaultConfigurationName = Release;
		};
/* End XCConfigurationList section */

/* Begin XCVersionGroup section */
		8921E1701FFE186900752987 /* Model.xcdatamodeld */ = {
			isa = XCVersionGroup;
			children = (
				8921E1711FFE186900752987 /* Model.xcdatamodel */,
			);
			currentVersion = 8921E1711FFE186900752987 /* Model.xcdatamodel */;
			path = Model.xcdatamodeld;
			sourceTree = "<group>";
			versionGroupType = wrapper.xcdatamodel;
		};
/* End XCVersionGroup section */
	};
	rootObject = 89586A211FFCC19900313FEA /* Project object */;
}
